
Microsoft Visual Studio Solution File, Format Version 12.00
Project("{FAE04EC0-301F-11D3-BF4B-00C04F79EFBC}") = "osu-request", "osu-request\osu-request.csproj", "{0B9BD8AA-4AF9-4189-A444-70B2CA209467}"
EndProject
Project("{FAE04EC0-301F-11D3-BF4B-00C04F79EFBC}") = "osu-request.Resources", "osu-request.Resources\osu-request.Resources.csproj", "{9743A03D-FAA5-48AD-9A3C-2CB9E3D18184}"
EndProject
Global
	GlobalSection(SolutionConfigurationPlatforms) = preSolution
		Debug|Any CPU = Debug|Any CPU
		Release|Any CPU = Release|Any CPU
	EndGlobalSection
	GlobalSection(ProjectConfigurationPlatforms) = postSolution
		{0B9BD8AA-4AF9-4189-A444-70B2CA209467}.Debug|Any CPU.ActiveCfg = Debug|Any CPU
		{0B9BD8AA-4AF9-4189-A444-70B2CA209467}.Debug|Any CPU.Build.0 = Debug|Any CPU
		{0B9BD8AA-4AF9-4189-A444-70B2CA209467}.Release|Any CPU.ActiveCfg = Release|Any CPU
		{0B9BD8AA-4AF9-4189-A444-70B2CA209467}.Release|Any CPU.Build.0 = Release|Any CPU
		{9743A03D-FAA5-48AD-9A3C-2CB9E3D18184}.Debug|Any CPU.ActiveCfg = Debug|Any CPU
		{9743A03D-FAA5-48AD-9A3C-2CB9E3D18184}.Debug|Any CPU.Build.0 = Debug|Any CPU
		{9743A03D-FAA5-48AD-9A3C-2CB9E3D18184}.Release|Any CPU.ActiveCfg = Release|Any CPU
		{9743A03D-FAA5-48AD-9A3C-2CB9E3D18184}.Release|Any CPU.Build.0 = Release|Any CPU
	EndGlobalSection
EndGlobal
